
Microsoft Visual Studio Solution File, Format Version 12.00
# Visual Studio Version 16
VisualStudioVersion = 16.0.30503.244
MinimumVisualStudioVersion = 10.0.40219.1
Project("{FAE04EC0-301F-11D3-BF4B-00C04F79EFBC}") = "CeDirScan", "CeDirScan.csproj", "{33CC6574-D143-419A-A420-B3B3529DDA0F}"
EndProject
Global
	GlobalSection(SolutionConfigurationPlatforms) = preSolution
		Debug|Any CPU = Debug|Any CPU
		Release|Any CPU = Release|Any CPU
	EndGlobalSection
	GlobalSection(ProjectConfigurationPlatforms) = postSolution
		{33CC6574-D143-419A-A420-B3B3529DDA0F}.Debug|Any CPU.ActiveCfg = Debug|Any CPU
		{33CC6574-D143-419A-A420-B3B3529DDA0F}.Debug|Any CPU.Build.0 = Debug|Any CPU
		{33CC6574-D143-419A-A420-B3B3529DDA0F}.Release|Any CPU.ActiveCfg = Release|Any CPU
		{33CC6574-D143-419A-A420-B3B3529DDA0F}.Release|Any CPU.Build.0 = Release|Any CPU
	EndGlobalSection
	GlobalSection(SolutionProperties) = preSolution
		HideSolutionNode = FALSE
	EndGlobalSection
	GlobalSection(ExtensibilityGlobals) = postSolution
		SolutionGuid = {8C2706DE-9F77-4285-AD80-189A7AE1BAA2}
	EndGlobalSection
EndGlobal
